// !$*UTF8*$!
{
	archiveVersion = 1;
	classes = {
	};
	objectVersion = 56;
	objects = {

/* Begin PBXBuildFile section */
		2B3856552CCFE79C005D717B /* te11App.swift in Sources */ = {isa = PBXBuildFile; fileRef = 2B3856542CCFE79C005D717B /* te11App.swift */; };
		2B3856572CCFE79C005D717B /* ContentView.swift in Sources */ = {isa = PBXBuildFile; fileRef = 2B3856562CCFE79C005D717B /* ContentView.swift */; };
		2B3856592CCFE79D005D717B /* Assets.xcassets in Resources */ = {isa = PBXBuildFile; fileRef = 2B3856582CCFE79D005D717B /* Assets.xcassets */; };
		2B38565C2CCFE79D005D717B /* Preview Assets.xcassets in Resources */ = {isa = PBXBuildFile; fileRef = 2B38565B2CCFE79D005D717B /* Preview Assets.xcassets */; };
		2B3856662CCFE79D005D717B /* te11Tests.swift in Sources */ = {isa = PBXBuildFile; fileRef = 2B3856652CCFE79D005D717B /* te11Tests.swift */; };
		2B3856702CCFE79D005D717B /* te11UITests.swift in Sources */ = {isa = PBXBuildFile; fileRef = 2B38566F2CCFE79D005D717B /* te11UITests.swift */; };
		2B3856722CCFE79D005D717B /* te11UITestsLaunchTests.swift in Sources */ = {isa = PBXBuildFile; fileRef = 2B3856712CCFE79D005D717B /* te11UITestsLaunchTests.swift */; };
/* End PBXBuildFile section */

/* Begin PBXContainerItemProxy section */
		2B3856622CCFE79D005D717B /* PBXContainerItemProxy */ = {
			isa = PBXContainerItemProxy;
			containerPortal = 2B3856492CCFE79C005D717B /* Project object */;
			proxyType = 1;
			remoteGlobalIDString = 2B3856502CCFE79C005D717B;
			remoteInfo = te11;
		};
		2B38566C2CCFE79D005D717B /* PBXContainerItemProxy */ = {
			isa = PBXContainerItemProxy;
			containerPortal = 2B3856492CCFE79C005D717B /* Project object */;
			proxyType = 1;
			remoteGlobalIDString = 2B3856502CCFE79C005D717B;
			remoteInfo = te11;
		};
/* End PBXContainerItemProxy section */

/* Begin PBXFileReference section */
		2B3856512CCFE79C005D717B /* te11.app */ = {isa = PBXFileReference; explicitFileType = wrapper.application; includeInIndex = 0; path = te11.app; sourceTree = BUILT_PRODUCTS_DIR; };
		2B3856542CCFE79C005D717B /* te11App.swift */ = {isa = PBXFileReference; lastKnownFileType = sourcecode.swift; path = te11App.swift; sourceTree = "<group>"; };
		2B3856562CCFE79C005D717B /* ContentView.swift */ = {isa = PBXFileReference; lastKnownFileType = sourcecode.swift; path = ContentView.swift; sourceTree = "<group>"; };
		2B3856582CCFE79D005D717B /* Assets.xcassets */ = {isa = PBXFileReference; lastKnownFileType = folder.assetcatalog; path = Assets.xcassets; sourceTree = "<group>"; };
		2B38565B2CCFE79D005D717B /* Preview Assets.xcassets */ = {isa = PBXFileReference; lastKnownFileType = folder.assetcatalog; path = "Preview Assets.xcassets"; sourceTree = "<group>"; };
		2B3856612CCFE79D005D717B /* te11Tests.xctest */ = {isa = PBXFileReference; explicitFileType = wrapper.cfbundle; includeInIndex = 0; path = te11Tests.xctest; sourceTree = BUILT_PRODUCTS_DIR; };
		2B3856652CCFE79D005D717B /* te11Tests.swift */ = {isa = PBXFileReference; lastKnownFileType = sourcecode.swift; path = te11Tests.swift; sourceTree = "<group>"; };
		2B38566B2CCFE79D005D717B /* te11UITests.xctest */ = {isa = PBXFileReference; explicitFileType = wrapper.cfbundle; includeInIndex = 0; path = te11UITests.xctest; sourceTree = BUILT_PRODUCTS_DIR; };
		2B38566F2CCFE79D005D717B /* te11UITests.swift */ = {isa = PBXFileReference; lastKnownFileType = sourcecode.swift; path = te11UITests.swift; sourceTree = "<group>"; };
		2B3856712CCFE79D005D717B /* te11UITestsLaunchTests.swift */ = {isa = PBXFileReference; lastKnownFileType = sourcecode.swift; path = te11UITestsLaunchTests.swift; sourceTree = "<group>"; };
/* End PBXFileReference section */

/* Begin PBXFrameworksBuildPhase section */
		2B38564E2CCFE79C005D717B /* Frameworks */ = {
			isa = PBXFrameworksBuildPhase;
			buildActionMask = 2147483647;
			files = (
			);
			runOnlyForDeploymentPostprocessing = 0;
		};
		2B38565E2CCFE79D005D717B /* Frameworks */ = {
			isa = PBXFrameworksBuildPhase;
			buildActionMask = 2147483647;
			files = (
			);
			runOnlyForDeploymentPostprocessing = 0;
		};
		2B3856682CCFE79D005D717B /* Frameworks */ = {
			isa = PBXFrameworksBuildPhase;
			buildActionMask = 2147483647;
			files = (
			);
			runOnlyForDeploymentPostprocessing = 0;
		};
/* End PBXFrameworksBuildPhase section */

/* Begin PBXGroup section */
		2B3856482CCFE79C005D717B = {
			isa = PBXGroup;
			children = (
				2B3856532CCFE79C005D717B /* te11 */,
				2B3856642CCFE79D005D717B /* te11Tests */,
				2B38566E2CCFE79D005D717B /* te11UITests */,
				2B3856522CCFE79C005D717B /* Products */,
			);
			sourceTree = "<group>";
		};
		2B3856522CCFE79C005D717B /* Products */ = {
			isa = PBXGroup;
			children = (
				2B3856512CCFE79C005D717B /* te11.app */,
				2B3856612CCFE79D005D717B /* te11Tests.xctest */,
				2B38566B2CCFE79D005D717B /* te11UITests.xctest */,
			);
			name = Products;
			sourceTree = "<group>";
		};
		2B3856532CCFE79C005D717B /* te11 */ = {
			isa = PBXGroup;
			children = (
				2B3856542CCFE79C005D717B /* te11App.swift */,
				2B3856562CCFE79C005D717B /* ContentView.swift */,
				2B3856582CCFE79D005D717B /* Assets.xcassets */,
				2B38565A2CCFE79D005D717B /* Preview Content */,
			);
			path = te11;
			sourceTree = "<group>";
		};
		2B38565A2CCFE79D005D717B /* Preview Content */ = {
			isa = PBXGroup;
			children = (
				2B38565B2CCFE79D005D717B /* Preview Assets.xcassets */,
			);
			path = "Preview Content";
			sourceTree = "<group>";
		};
		2B3856642CCFE79D005D717B /* te11Tests */ = {
			isa = PBXGroup;
			children = (
				2B3856652CCFE79D005D717B /* te11Tests.swift */,
			);
			path = te11Tests;
			sourceTree = "<group>";
		};
		2B38566E2CCFE79D005D717B /* te11UITests */ = {
			isa = PBXGroup;
			children = (
				2B38566F2CCFE79D005D717B /* te11UITests.swift */,
				2B3856712CCFE79D005D717B /* te11UITestsLaunchTests.swift */,
			);
			path = te11UITests;
			sourceTree = "<group>";
		};
/* End PBXGroup section */

/* Begin PBXNativeTarget section */
		2B3856502CCFE79C005D717B /* te11 */ = {
			isa = PBXNativeTarget;
			buildConfigurationList = 2B3856752CCFE79D005D717B /* Build configuration list for PBXNativeTarget "te11" */;
			buildPhases = (
				2B38564D2CCFE79C005D717B /* Sources */,
				2B38564E2CCFE79C005D717B /* Frameworks */,
				2B38564F2CCFE79C005D717B /* Resources */,
			);
			buildRules = (
			);
			dependencies = (
			);
			name = te11;
			productName = te11;
			productReference = 2B3856512CCFE79C005D717B /* te11.app */;
			productType = "com.apple.product-type.application";
		};
		2B3856602CCFE79D005D717B /* te11Tests */ = {
			isa = PBXNativeTarget;
			buildConfigurationList = 2B3856782CCFE79D005D717B /* Build configuration list for PBXNativeTarget "te11Tests" */;
			buildPhases = (
				2B38565D2CCFE79D005D717B /* Sources */,
				2B38565E2CCFE79D005D717B /* Frameworks */,
				2B38565F2CCFE79D005D717B /* Resources */,
			);
			buildRules = (
			);
			dependencies = (
				2B3856632CCFE79D005D717B /* PBXTargetDependency */,
			);
			name = te11Tests;
			productName = te11Tests;
			productReference = 2B3856612CCFE79D005D717B /* te11Tests.xctest */;
			productType = "com.apple.product-type.bundle.unit-test";
		};
		2B38566A2CCFE79D005D717B /* te11UITests */ = {
			isa = PBXNativeTarget;
			buildConfigurationList = 2B38567B2CCFE79D005D717B /* Build configuration list for PBXNativeTarget "te11UITests" */;
			buildPhases = (
				2B3856672CCFE79D005D717B /* Sources */,
				2B3856682CCFE79D005D717B /* Frameworks */,
				2B3856692CCFE79D005D717B /* Resources */,
			);
			buildRules = (
			);
			dependencies = (
				2B38566D2CCFE79D005D717B /* PBXTargetDependency */,
			);
			name = te11UITests;
			productName = te11UITests;
			productReference = 2B38566B2CCFE79D005D717B /* te11UITests.xctest */;
			productType = "com.apple.product-type.bundle.ui-testing";
		};
/* End PBXNativeTarget section */

/* Begin PBXProject section */
		2B3856492CCFE79C005D717B /* Project object */ = {
			isa = PBXProject;
			attributes = {
				BuildIndependentTargetsInParallel = 1;
				LastSwiftUpdateCheck = 1540;
				LastUpgradeCheck = 1540;
				TargetAttributes = {
					2B3856502CCFE79C005D717B = {
						CreatedOnToolsVersion = 15.4;
					};
					2B3856602CCFE79D005D717B = {
						CreatedOnToolsVersion = 15.4;
						TestTargetID = 2B3856502CCFE79C005D717B;
					};
					2B38566A2CCFE79D005D717B = {
						CreatedOnToolsVersion = 15.4;
						TestTargetID = 2B3856502CCFE79C005D717B;
					};
				};
			};
			buildConfigurationList = 2B38564C2CCFE79C005D717B /* Build configuration list for PBXProject "te11" */;
			compatibilityVersion = "Xcode 14.0";
			developmentRegion = en;
			hasScannedForEncodings = 0;
			knownRegions = (
				en,
				Base,
			);
			mainGroup = 2B3856482CCFE79C005D717B;
			productRefGroup = 2B3856522CCFE79C005D717B /* Products */;
			projectDirPath = "";
			projectRoot = "";
			targets = (
				2B3856502CCFE79C005D717B /* te11 */,
				2B3856602CCFE79D005D717B /* te11Tests */,
				2B38566A2CCFE79D005D717B /* te11UITests */,
			);
		};
/* End PBXProject section */

/* Begin PBXResourcesBuildPhase section */
		2B38564F2CCFE79C005D717B /* Resources */ = {
			isa = PBXResourcesBuildPhase;
			buildActionMask = 2147483647;
			files = (
				2B38565C2CCFE79D005D717B /* Preview Assets.xcassets in Resources */,
				2B3856592CCFE79D005D717B /* Assets.xcassets in Resources */,
			);
			runOnlyForDeploymentPostprocessing = 0;
		};
		2B38565F2CCFE79D005D717B /* Resources */ = {
			isa = PBXResourcesBuildPhase;
			buildActionMask = 2147483647;
			files = (
			);
			runOnlyForDeploymentPostprocessing = 0;
		};
		2B3856692CCFE79D005D717B /* Resources */ = {
			isa = PBXResourcesBuildPhase;
			buildActionMask = 2147483647;
			files = (
			);
			runOnlyForDeploymentPostprocessing = 0;
		};
/* End PBXResourcesBuildPhase section */

/* Begin PBXSourcesBuildPhase section */
		2B38564D2CCFE79C005D717B /* Sources */ = {
			isa = PBXSourcesBuildPhase;
			buildActionMask = 2147483647;
			files = (
				2B3856572CCFE79C005D717B /* ContentView.swift in Sources */,
				2B3856552CCFE79C005D717B /* te11App.swift in Sources */,
			);
			runOnlyForDeploymentPostprocessing = 0;
		};
		2B38565D2CCFE79D005D717B /* Sources */ = {
			isa = PBXSourcesBuildPhase;
			buildActionMask = 2147483647;
			files = (
				2B3856662CCFE79D005D717B /* te11Tests.swift in Sources */,
			);
			runOnlyForDeploymentPostprocessing = 0;
		};
		2B3856672CCFE79D005D717B /* Sources */ = {
			isa = PBXSourcesBuildPhase;
			buildActionMask = 2147483647;
			files = (
				2B3856702CCFE79D005D717B /* te11UITests.swift in Sources */,
				2B3856722CCFE79D005D717B /* te11UITestsLaunchTests.swift in Sources */,
			);
			runOnlyForDeploymentPostprocessing = 0;
		};
/* End PBXSourcesBuildPhase section */

/* Begin PBXTargetDependency section */
		2B3856632CCFE79D005D717B /* PBXTargetDependency */ = {
			isa = PBXTargetDependency;
			target = 2B3856502CCFE79C005D717B /* te11 */;
			targetProxy = 2B3856622CCFE79D005D717B /* PBXContainerItemProxy */;
		};
		2B38566D2CCFE79D005D717B /* PBXTargetDependency */ = {
			isa = PBXTargetDependency;
			target = 2B3856502CCFE79C005D717B /* te11 */;
			targetProxy = 2B38566C2CCFE79D005D717B /* PBXContainerItemProxy */;
		};
/* End PBXTargetDependency section */

/* Begin XCBuildConfiguration section */
		2B3856732CCFE79D005D717B /* Debug */ = {
			isa = XCBuildConfiguration;
			buildSettings = {
				ALWAYS_SEARCH_USER_PATHS = NO;
				ASSETCATALOG_COMPILER_GENERATE_SWIFT_ASSET_SYMBOL_EXTENSIONS = YES;
				CLANG_ANALYZER_NONNULL = YES;
				CLANG_ANALYZER_NUMBER_OBJECT_CONVERSION = YES_AGGRESSIVE;
				CLANG_CXX_LANGUAGE_STANDARD = "gnu++20";
				CLANG_ENABLE_MODULES = YES;
				CLANG_ENABLE_OBJC_ARC = YES;
				CLANG_ENABLE_OBJC_WEAK = YES;
				CLANG_WARN_BLOCK_CAPTURE_AUTORELEASING = YES;
				CLANG_WARN_BOOL_CONVERSION = YES;
				CLANG_WARN_COMMA = YES;
				CLANG_WARN_CONSTANT_CONVERSION = YES;
				CLANG_WARN_DEPRECATED_OBJC_IMPLEMENTATIONS = YES;
				CLANG_WARN_DIRECT_OBJC_ISA_USAGE = YES_ERROR;
				CLANG_WARN_DOCUMENTATION_COMMENTS = YES;
				CLANG_WARN_EMPTY_BODY = YES;
				CLANG_WARN_ENUM_CONVERSION = YES;
				CLANG_WARN_INFINITE_RECURSION = YES;
				CLANG_WARN_INT_CONVERSION = YES;
				CLANG_WARN_NON_LITERAL_NULL_CONVERSION = YES;
				CLANG_WARN_OBJC_IMPLICIT_RETAIN_SELF = YES;
				CLANG_WARN_OBJC_LITERAL_CONVERSION = YES;
				CLANG_WARN_OBJC_ROOT_CLASS = YES_ERROR;
				CLANG_WARN_QUOTED_INCLUDE_IN_FRAMEWORK_HEADER = YES;
				CLANG_WARN_RANGE_LOOP_ANALYSIS = YES;
				CLANG_WARN_STRICT_PROTOTYPES = YES;
				CLANG_WARN_SUSPICIOUS_MOVE = YES;
				CLANG_WARN_UNGUARDED_AVAILABILITY = YES_AGGRESSIVE;
				CLANG_WARN_UNREACHABLE_CODE = YES;
				CLANG_WARN__DUPLICATE_METHOD_MATCH = YES;
				COPY_PHASE_STRIP = NO;
				DEBUG_INFORMATION_FORMAT = dwarf;
				ENABLE_STRICT_OBJC_MSGSEND = YES;
				ENABLE_TESTABILITY = YES;
				ENABLE_USER_SCRIPT_SANDBOXING = YES;
				GCC_C_LANGUAGE_STANDARD = gnu17;
				GCC_DYNAMIC_NO_PIC = NO;
				GCC_NO_COMMON_BLOCKS = YES;
				GCC_OPTIMIZATION_LEVEL = 0;
				GCC_PREPROCESSOR_DEFINITIONS = (
					"DEBUG=1",
					"$(inherited)",
				);
				GCC_WARN_64_TO_32_BIT_CONVERSION = YES;
				GCC_WARN_ABOUT_RETURN_TYPE = YES_ERROR;
				GCC_WARN_UNDECLARED_SELECTOR = YES;
				GCC_WARN_UNINITIALIZED_AUTOS = YES_AGGRESSIVE;
				GCC_WARN_UNUSED_FUNCTION = YES;
				GCC_WARN_UNUSED_VARIABLE = YES;
				IPHONEOS_DEPLOYMENT_TARGET = 17.5;
				LOCALIZATION_PREFERS_STRING_CATALOGS = YES;
				MTL_ENABLE_DEBUG_INFO = INCLUDE_SOURCE;
				MTL_FAST_MATH = YES;
				ONLY_ACTIVE_ARCH = YES;
				SDKROOT = iphoneos;
				SWIFT_ACTIVE_COMPILATION_CONDITIONS = "DEBUG $(inherited)";
				SWIFT_OPTIMIZATION_LEVEL = "-Onone";
			};
			name = Debug;
		};
		2B3856742CCFE79D005D717B /* Release */ = {
			isa = XCBuildConfiguration;
			buildSettings = {
				ALWAYS_SEARCH_USER_PATHS = NO;
				ASSETCATALOG_COMPILER_GENERATE_SWIFT_ASSET_SYMBOL_EXTENSIONS = YES;
				CLANG_ANALYZER_NONNULL = YES;
				CLANG_ANALYZER_NUMBER_OBJECT_CONVERSION = YES_AGGRESSIVE;
				CLANG_CXX_LANGUAGE_STANDARD = "gnu++20";
				CLANG_ENABLE_MODULES = YES;
				CLANG_ENABLE_OBJC_ARC = YES;
				CLANG_ENABLE_OBJC_WEAK = YES;
				CLANG_WARN_BLOCK_CAPTURE_AUTORELEASING = YES;
				CLANG_WARN_BOOL_CONVERSION = YES;
				CLANG_WARN_COMMA = YES;
				CLANG_WARN_CONSTANT_CONVERSION = YES;
				CLANG_WARN_DEPRECATED_OBJC_IMPLEMENTATIONS = YES;
				CLANG_WARN_DIRECT_OBJC_ISA_USAGE = YES_ERROR;
				CLANG_WARN_DOCUMENTATION_COMMENTS = YES;
				CLANG_WARN_EMPTY_BODY = YES;
				CLANG_WARN_ENUM_CONVERSION = YES;
				CLANG_WARN_INFINITE_RECURSION = YES;
				CLANG_WARN_INT_CONVERSION = YES;
				CLANG_WARN_NON_LITERAL_NULL_CONVERSION = YES;
				CLANG_WARN_OBJC_IMPLICIT_RETAIN_SELF = YES;
				CLANG_WARN_OBJC_LITERAL_CONVERSION = YES;
				CLANG_WARN_OBJC_ROOT_CLASS = YES_ERROR;
				CLANG_WARN_QUOTED_INCLUDE_IN_FRAMEWORK_HEADER = YES;
				CLANG_WARN_RANGE_LOOP_ANALYSIS = YES;
				CLANG_WARN_STRICT_PROTOTYPES = YES;
				CLANG_WARN_SUSPICIOUS_MOVE = YES;
				CLANG_WARN_UNGUARDED_AVAILABILITY = YES_AGGRESSIVE;
				CLANG_WARN_UNREACHABLE_CODE = YES;
				CLANG_WARN__DUPLICATE_METHOD_MATCH = YES;
				COPY_PHASE_STRIP = NO;
				DEBUG_INFORMATION_FORMAT = "dwarf-with-dsym";
				ENABLE_NS_ASSERTIONS = NO;
				ENABLE_STRICT_OBJC_MSGSEND = YES;
				ENABLE_USER_SCRIPT_SANDBOXING = YES;
				GCC_C_LANGUAGE_STANDARD = gnu17;
				GCC_NO_COMMON_BLOCKS = YES;
				GCC_WARN_64_TO_32_BIT_CONVERSION = YES;
				GCC_WARN_ABOUT_RETURN_TYPE = YES_ERROR;
				GCC_WARN_UNDECLARED_SELECTOR = YES;
				GCC_WARN_UNINITIALIZED_AUTOS = YES_AGGRESSIVE;
				GCC_WARN_UNUSED_FUNCTION = YES;
				GCC_WARN_UNUSED_VARIABLE = YES;
				IPHONEOS_DEPLOYMENT_TARGET = 17.5;
				LOCALIZATION_PREFERS_STRING_CATALOGS = YES;
				MTL_ENABLE_DEBUG_INFO = NO;
				MTL_FAST_MATH = YES;
				SDKROOT = iphoneos;
				SWIFT_COMPILATION_MODE = wholemodule;
				VALIDATE_PRODUCT = YES;
			};
			name = Release;
		};
		2B3856762CCFE79D005D717B /* Debug */ = {
			isa = XCBuildConfiguration;
			buildSettings = {
				ASSETCATALOG_COMPILER_APPICON_NAME = AppIcon;
				ASSETCATALOG_COMPILER_GLOBAL_ACCENT_COLOR_NAME = AccentColor;
				CODE_SIGN_STYLE = Automatic;
				CURRENT_PROJECT_VERSION = 1;
				DEVELOPMENT_ASSET_PATHS = "\"te11/Preview Content\"";
				DEVELOPMENT_TEAM = J565QX476U;
				ENABLE_PREVIEWS = YES;
				GENERATE_INFOPLIST_FILE = YES;
				INFOPLIST_KEY_UIApplicationSceneManifest_Generation = YES;
				INFOPLIST_KEY_UIApplicationSupportsIndirectInputEvents = YES;
				INFOPLIST_KEY_UILaunchScreen_Generation = YES;
				INFOPLIST_KEY_UISupportedInterfaceOrientations_iPad = "UIInterfaceOrientationPortrait UIInterfaceOrientationPortraitUpsideDown UIInterfaceOrientationLandscapeLeft UIInterfaceOrientationLandscapeRight";
				INFOPLIST_KEY_UISupportedInterfaceOrientations_iPhone = "UIInterfaceOrientationPortrait UIInterfaceOrientationLandscapeLeft UIInterfaceOrientationLandscapeRight";
				LD_RUNPATH_SEARCH_PATHS = (
					"$(inherited)",
					"@executable_path/Frameworks",
				);
				MARKETING_VERSION = 1.0;
				PRODUCT_BUNDLE_IDENTIFIER = com.reemanazi.te11;
				PRODUCT_NAME = "$(TARGET_NAME)";
				SWIFT_EMIT_LOC_STRINGS = YES;
				SWIFT_VERSION = 5.0;
				TARGETED_DEVICE_FAMILY = "1,2";
			};
			name = Debug;
		};
		2B3856772CCFE79D005D717B /* Release */ = {
			isa = XCBuildConfiguration;
			buildSettings = {
				ASSETCATALOG_COMPILER_APPICON_NAME = AppIcon;
				ASSETCATALOG_COMPILER_GLOBAL_ACCENT_COLOR_NAME = AccentColor;
				CODE_SIGN_STYLE = Automatic;
				CURRENT_PROJECT_VERSION = 1;
				DEVELOPMENT_ASSET_PATHS = "\"te11/Preview Content\"";
				DEVELOPMENT_TEAM = J565QX476U;
				ENABLE_PREVIEWS = YES;
				GENERATE_INFOPLIST_FILE = YES;
				INFOPLIST_KEY_UIApplicationSceneManifest_Generation = YES;
				INFOPLIST_KEY_UIApplicationSupportsIndirectInputEvents = YES;
				INFOPLIST_KEY_UILaunchScreen_Generation = YES;
				INFOPLIST_KEY_UISupportedInterfaceOrientations_iPad = "UIInterfaceOrientationPortrait UIInterfaceOrientationPortraitUpsideDown UIInterfaceOrientationLandscapeLeft UIInterfaceOrientationLandscapeRight";
				INFOPLIST_KEY_UISupportedInterfaceOrientations_iPhone = "UIInterfaceOrientationPortrait UIInterfaceOrientationLandscapeLeft UIInterfaceOrientationLandscapeRight";
				LD_RUNPATH_SEARCH_PATHS = (
					"$(inherited)",
					"@executable_path/Frameworks",
				);
				MARKETING_VERSION = 1.0;
				PRODUCT_BUNDLE_IDENTIFIER = com.reemanazi.te11;
				PRODUCT_NAME = "$(TARGET_NAME)";
				SWIFT_EMIT_LOC_STRINGS = YES;
				SWIFT_VERSION = 5.0;
				TARGETED_DEVICE_FAMILY = "1,2";
			};
			name = Release;
		};
		2B3856792CCFE79D005D717B /* Debug */ = {
			isa = XCBuildConfiguration;
			buildSettings = {
				ALWAYS_EMBED_SWIFT_STANDARD_LIBRARIES = YES;
				BUNDLE_LOADER = "$(TEST_HOST)";
				CODE_SIGN_STYLE = Automatic;
				CURRENT_PROJECT_VERSION = 1;
				DEVELOPMENT_TEAM = J565QX476U;
				GENERATE_INFOPLIST_FILE = YES;
				IPHONEOS_DEPLOYMENT_TARGET = 17.5;
				MARKETING_VERSION = 1.0;
				PRODUCT_BUNDLE_IDENTIFIER = com.reemanazi.te11Tests;
				PRODUCT_NAME = "$(TARGET_NAME)";
				SWIFT_EMIT_LOC_STRINGS = NO;
				SWIFT_VERSION = 5.0;
				TARGETED_DEVICE_FAMILY = "1,2";
				TEST_HOST = "$(BUILT_PRODUCTS_DIR)/te11.app/$(BUNDLE_EXECUTABLE_FOLDER_PATH)/te11";
			};
			name = Debug;
		};
		2B38567A2CCFE79D005D717B /* Release */ = {
			isa = XCBuildConfiguration;
			buildSettings = {
				ALWAYS_EMBED_SWIFT_STANDARD_LIBRARIES = YES;
				BUNDLE_LOADER = "$(TEST_HOST)";
				CODE_SIGN_STYLE = Automatic;
				CURRENT_PROJECT_VERSION = 1;
				DEVELOPMENT_TEAM = J565QX476U;
				GENERATE_INFOPLIST_FILE = YES;
				IPHONEOS_DEPLOYMENT_TARGET = 17.5;
				MARKETING_VERSION = 1.0;
				PRODUCT_BUNDLE_IDENTIFIER = com.reemanazi.te11Tests;
				PRODUCT_NAME = "$(TARGET_NAME)";
				SWIFT_EMIT_LOC_STRINGS = NO;
				SWIFT_VERSION = 5.0;
				TARGETED_DEVICE_FAMILY = "1,2";
				TEST_HOST = "$(BUILT_PRODUCTS_DIR)/te11.app/$(BUNDLE_EXECUTABLE_FOLDER_PATH)/te11";
			};
			name = Release;
		};
		2B38567C2CCFE79D005D717B /* Debug */ = {
			isa = XCBuildConfiguration;
			buildSettings = {
				ALWAYS_EMBED_SWIFT_STANDARD_LIBRARIES = YES;
				CODE_SIGN_STYLE = Automatic;
				CURRENT_PROJECT_VERSION = 1;
				DEVELOPMENT_TEAM = J565QX476U;
				GENERATE_INFOPLIST_FILE = YES;
				MARKETING_VERSION = 1.0;
				PRODUCT_BUNDLE_IDENTIFIER = com.reemanazi.te11UITests;
				PRODUCT_NAME = "$(TARGET_NAME)";
				SWIFT_EMIT_LOC_STRINGS = NO;
				SWIFT_VERSION = 5.0;
				TARGETED_DEVICE_FAMILY = "1,2";
				TEST_TARGET_NAME = te11;
			};
			name = Debug;
		};
		2B38567D2CCFE79D005D717B /* Release */ = {
			isa = XCBuildConfiguration;
			buildSettings = {
				ALWAYS_EMBED_SWIFT_STANDARD_LIBRARIES = YES;
				CODE_SIGN_STYLE = Automatic;
				CURRENT_PROJECT_VERSION = 1;
				DEVELOPMENT_TEAM = J565QX476U;
				GENERATE_INFOPLIST_FILE = YES;
				MARKETING_VERSION = 1.0;
				PRODUCT_BUNDLE_IDENTIFIER = com.reemanazi.te11UITests;
				PRODUCT_NAME = "$(TARGET_NAME)";
				SWIFT_EMIT_LOC_STRINGS = NO;
				SWIFT_VERSION = 5.0;
				TARGETED_DEVICE_FAMILY = "1,2";
				TEST_TARGET_NAME = te11;
			};
			name = Release;
		};
/* End XCBuildConfiguration section */

/* Begin XCConfigurationList section */
		2B38564C2CCFE79C005D717B /* Build configuration list for PBXProject "te11" */ = {
			isa = XCConfigurationList;
			buildConfigurations = (
				2B3856732CCFE79D005D717B /* Debug */,
				2B3856742CCFE79D005D717B /* Release */,
			);
			defaultConfigurationIsVisible = 0;
			defaultConfigurationName = Release;
		};
		2B3856752CCFE79D005D717B /* Build configuration list for PBXNativeTarget "te11" */ = {
			isa = XCConfigurationList;
			buildConfigurations = (
				2B3856762CCFE79D005D717B /* Debug */,
				2B3856772CCFE79D005D717B /* Release */,
			);
			defaultConfigurationIsVisible = 0;
			defaultConfigurationName = Release;
		};
		2B3856782CCFE79D005D717B /* Build configuration list for PBXNativeTarget "te11Tests" */ = {
			isa = XCConfigurationList;
			buildConfigurations = (
				2B3856792CCFE79D005D717B /* Debug */,
				2B38567A2CCFE79D005D717B /* Release */,
			);
			defaultConfigurationIsVisible = 0;
			defaultConfigurationName = Release;
		};
		2B38567B2CCFE79D005D717B /* Build configuration list for PBXNativeTarget "te11UITests" */ = {
			isa = XCConfigurationList;
			buildConfigurations = (
				2B38567C2CCFE79D005D717B /* Debug */,
				2B38567D2CCFE79D005D717B /* Release */,
			);
			defaultConfigurationIsVisible = 0;
			defaultConfigurationName = Release;
		};
/* End XCConfigurationList section */
	};
	rootObject = 2B3856492CCFE79C005D717B /* Project object */;
}
